// !$*UTF8*$!
{
	archiveVersion = 1;
	classes = {
	};
	objectVersion = 46;
	objects = {

/* Begin PBXBuildFile section */
		2E12CD8F1F6BABBA0066BBB1 /* AppDelegate.swift in Sources */ = {isa = PBXBuildFile; fileRef = 2E12CD8E1F6BABBA0066BBB1 /* AppDelegate.swift */; };
		2E12CD911F6BABBA0066BBB1 /* ViewController.swift in Sources */ = {isa = PBXBuildFile; fileRef = 2E12CD901F6BABBA0066BBB1 /* ViewController.swift */; };
		2E12CD941F6BABBA0066BBB1 /* Main.storyboard in Resources */ = {isa = PBXBuildFile; fileRef = 2E12CD921F6BABBA0066BBB1 /* Main.storyboard */; };
		2E12CD961F6BABBA0066BBB1 /* Assets.xcassets in Resources */ = {isa = PBXBuildFile; fileRef = 2E12CD951F6BABBA0066BBB1 /* Assets.xcassets */; };
		2E12CD991F6BABBA0066BBB1 /* LaunchScreen.storyboard in Resources */ = {isa = PBXBuildFile; fileRef = 2E12CD971F6BABBA0066BBB1 /* LaunchScreen.storyboard */; };
		2E12CDA41F6BABBA0066BBB1 /* ANU_InTimeTests.swift in Sources */ = {isa = PBXBuildFile; fileRef = 2E12CDA31F6BABBA0066BBB1 /* ANU_InTimeTests.swift */; };
		2E12CDAF1F6BABBA0066BBB1 /* ANU_InTimeUITests.swift in Sources */ = {isa = PBXBuildFile; fileRef = 2E12CDAE1F6BABBA0066BBB1 /* ANU_InTimeUITests.swift */; };
/* End PBXBuildFile section */

/* Begin PBXContainerItemProxy section */
		2E12CDA01F6BABBA0066BBB1 /* PBXContainerItemProxy */ = {
			isa = PBXContainerItemProxy;
			containerPortal = 2E12CD831F6BABBA0066BBB1 /* Project object */;
			proxyType = 1;
			remoteGlobalIDString = 2E12CD8A1F6BABBA0066BBB1;
			remoteInfo = "ANU InTime";
		};
		2E12CDAB1F6BABBA0066BBB1 /* PBXContainerItemProxy */ = {
			isa = PBXContainerItemProxy;
			containerPortal = 2E12CD831F6BABBA0066BBB1 /* Project object */;
			proxyType = 1;
			remoteGlobalIDString = 2E12CD8A1F6BABBA0066BBB1;
			remoteInfo = "ANU InTime";
		};
/* End PBXContainerItemProxy section */

/* Begin PBXFileReference section */
		2E12CD8B1F6BABBA0066BBB1 /* ANU InTime.app */ = {isa = PBXFileReference; explicitFileType = wrapper.application; includeInIndex = 0; path = "ANU InTime.app"; sourceTree = BUILT_PRODUCTS_DIR; };
		2E12CD8E1F6BABBA0066BBB1 /* AppDelegate.swift */ = {isa = PBXFileReference; lastKnownFileType = sourcecode.swift; path = AppDelegate.swift; sourceTree = "<group>"; };
		2E12CD901F6BABBA0066BBB1 /* ViewController.swift */ = {isa = PBXFileReference; lastKnownFileType = sourcecode.swift; path = ViewController.swift; sourceTree = "<group>"; };
		2E12CD931F6BABBA0066BBB1 /* Base */ = {isa = PBXFileReference; lastKnownFileType = file.storyboard; name = Base; path = Base.lproj/Main.storyboard; sourceTree = "<group>"; };
		2E12CD951F6BABBA0066BBB1 /* Assets.xcassets */ = {isa = PBXFileReference; lastKnownFileType = folder.assetcatalog; path = Assets.xcassets; sourceTree = "<group>"; };
		2E12CD981F6BABBA0066BBB1 /* Base */ = {isa = PBXFileReference; lastKnownFileType = file.storyboard; name = Base; path = Base.lproj/LaunchScreen.storyboard; sourceTree = "<group>"; };
		2E12CD9A1F6BABBA0066BBB1 /* Info.plist */ = {isa = PBXFileReference; lastKnownFileType = text.plist.xml; path = Info.plist; sourceTree = "<group>"; };
		2E12CD9F1F6BABBA0066BBB1 /* ANU InTimeTests.xctest */ = {isa = PBXFileReference; explicitFileType = wrapper.cfbundle; includeInIndex = 0; path = "ANU InTimeTests.xctest"; sourceTree = BUILT_PRODUCTS_DIR; };
		2E12CDA31F6BABBA0066BBB1 /* ANU_InTimeTests.swift */ = {isa = PBXFileReference; lastKnownFileType = sourcecode.swift; path = ANU_InTimeTests.swift; sourceTree = "<group>"; };
		2E12CDA51F6BABBA0066BBB1 /* Info.plist */ = {isa = PBXFileReference; lastKnownFileType = text.plist.xml; path = Info.plist; sourceTree = "<group>"; };
		2E12CDAA1F6BABBA0066BBB1 /* ANU InTimeUITests.xctest */ = {isa = PBXFileReference; explicitFileType = wrapper.cfbundle; includeInIndex = 0; path = "ANU InTimeUITests.xctest"; sourceTree = BUILT_PRODUCTS_DIR; };
		2E12CDAE1F6BABBA0066BBB1 /* ANU_InTimeUITests.swift */ = {isa = PBXFileReference; lastKnownFileType = sourcecode.swift; path = ANU_InTimeUITests.swift; sourceTree = "<group>"; };
		2E12CDB01F6BABBA0066BBB1 /* Info.plist */ = {isa = PBXFileReference; lastKnownFileType = text.plist.xml; path = Info.plist; sourceTree = "<group>"; };
/* End PBXFileReference section */

/* Begin PBXFrameworksBuildPhase section */
		2E12CD881F6BABBA0066BBB1 /* Frameworks */ = {
			isa = PBXFrameworksBuildPhase;
			buildActionMask = 2147483647;
			files = (
			);
			runOnlyForDeploymentPostprocessing = 0;
		};
		2E12CD9C1F6BABBA0066BBB1 /* Frameworks */ = {
			isa = PBXFrameworksBuildPhase;
			buildActionMask = 2147483647;
			files = (
			);
			runOnlyForDeploymentPostprocessing = 0;
		};
		2E12CDA71F6BABBA0066BBB1 /* Frameworks */ = {
			isa = PBXFrameworksBuildPhase;
			buildActionMask = 2147483647;
			files = (
			);
			runOnlyForDeploymentPostprocessing = 0;
		};
/* End PBXFrameworksBuildPhase section */

/* Begin PBXGroup section */
		2E12CD821F6BABBA0066BBB1 = {
			isa = PBXGroup;
			children = (
				2E12CD8D1F6BABBA0066BBB1 /* ANU InTime */,
				2E12CDA21F6BABBA0066BBB1 /* ANU InTimeTests */,
				2E12CDAD1F6BABBA0066BBB1 /* ANU InTimeUITests */,
				2E12CD8C1F6BABBA0066BBB1 /* Products */,
			);
			sourceTree = "<group>";
		};
		2E12CD8C1F6BABBA0066BBB1 /* Products */ = {
			isa = PBXGroup;
			children = (
				2E12CD8B1F6BABBA0066BBB1 /* ANU InTime.app */,
				2E12CD9F1F6BABBA0066BBB1 /* ANU InTimeTests.xctest */,
				2E12CDAA1F6BABBA0066BBB1 /* ANU InTimeUITests.xctest */,
			);
			name = Products;
			sourceTree = "<group>";
		};
		2E12CD8D1F6BABBA0066BBB1 /* ANU InTime */ = {
			isa = PBXGroup;
			children = (
				2E12CD8E1F6BABBA0066BBB1 /* AppDelegate.swift */,
				2E12CD901F6BABBA0066BBB1 /* ViewController.swift */,
				2E12CD921F6BABBA0066BBB1 /* Main.storyboard */,
				2E12CD951F6BABBA0066BBB1 /* Assets.xcassets */,
				2E12CD971F6BABBA0066BBB1 /* LaunchScreen.storyboard */,
				2E12CD9A1F6BABBA0066BBB1 /* Info.plist */,
			);
			path = "ANU InTime";
			sourceTree = "<group>";
		};
		2E12CDA21F6BABBA0066BBB1 /* ANU InTimeTests */ = {
			isa = PBXGroup;
			children = (
				2E12CDA31F6BABBA0066BBB1 /* ANU_InTimeTests.swift */,
				2E12CDA51F6BABBA0066BBB1 /* Info.plist */,
			);
			path = "ANU InTimeTests";
			sourceTree = "<group>";
		};
		2E12CDAD1F6BABBA0066BBB1 /* ANU InTimeUITests */ = {
			isa = PBXGroup;
			children = (
				2E12CDAE1F6BABBA0066BBB1 /* ANU_InTimeUITests.swift */,
				2E12CDB01F6BABBA0066BBB1 /* Info.plist */,
			);
			path = "ANU InTimeUITests";
			sourceTree = "<group>";
		};
/* End PBXGroup section */

/* Begin PBXNativeTarget section */
		2E12CD8A1F6BABBA0066BBB1 /* ANU InTime */ = {
			isa = PBXNativeTarget;
			buildConfigurationList = 2E12CDB31F6BABBA0066BBB1 /* Build configuration list for PBXNativeTarget "ANU InTime" */;
			buildPhases = (
				2E12CD871F6BABBA0066BBB1 /* Sources */,
				2E12CD881F6BABBA0066BBB1 /* Frameworks */,
				2E12CD891F6BABBA0066BBB1 /* Resources */,
			);
			buildRules = (
			);
			dependencies = (
			);
			name = "ANU InTime";
			productName = "ANU InTime";
			productReference = 2E12CD8B1F6BABBA0066BBB1 /* ANU InTime.app */;
			productType = "com.apple.product-type.application";
		};
		2E12CD9E1F6BABBA0066BBB1 /* ANU InTimeTests */ = {
			isa = PBXNativeTarget;
			buildConfigurationList = 2E12CDB61F6BABBA0066BBB1 /* Build configuration list for PBXNativeTarget "ANU InTimeTests" */;
			buildPhases = (
				2E12CD9B1F6BABBA0066BBB1 /* Sources */,
				2E12CD9C1F6BABBA0066BBB1 /* Frameworks */,
				2E12CD9D1F6BABBA0066BBB1 /* Resources */,
			);
			buildRules = (
			);
			dependencies = (
				2E12CDA11F6BABBA0066BBB1 /* PBXTargetDependency */,
			);
			name = "ANU InTimeTests";
			productName = "ANU InTimeTests";
			productReference = 2E12CD9F1F6BABBA0066BBB1 /* ANU InTimeTests.xctest */;
			productType = "com.apple.product-type.bundle.unit-test";
		};
		2E12CDA91F6BABBA0066BBB1 /* ANU InTimeUITests */ = {
			isa = PBXNativeTarget;
			buildConfigurationList = 2E12CDB91F6BABBA0066BBB1 /* Build configuration list for PBXNativeTarget "ANU InTimeUITests" */;
			buildPhases = (
				2E12CDA61F6BABBA0066BBB1 /* Sources */,
				2E12CDA71F6BABBA0066BBB1 /* Frameworks */,
				2E12CDA81F6BABBA0066BBB1 /* Resources */,
			);
			buildRules = (
			);
			dependencies = (
				2E12CDAC1F6BABBA0066BBB1 /* PBXTargetDependency */,
			);
			name = "ANU InTimeUITests";
			productName = "ANU InTimeUITests";
			productReference = 2E12CDAA1F6BABBA0066BBB1 /* ANU InTimeUITests.xctest */;
			productType = "com.apple.product-type.bundle.ui-testing";
		};
/* End PBXNativeTarget section */

/* Begin PBXProject section */
		2E12CD831F6BABBA0066BBB1 /* Project object */ = {
			isa = PBXProject;
			attributes = {
				LastSwiftUpdateCheck = 0830;
				LastUpgradeCheck = 0830;
				ORGANIZATIONNAME = "Dian Zhong";
				TargetAttributes = {
					2E12CD8A1F6BABBA0066BBB1 = {
						CreatedOnToolsVersion = 8.3.3;
						DevelopmentTeam = B3EP3N28T5;
						ProvisioningStyle = Automatic;
					};
					2E12CD9E1F6BABBA0066BBB1 = {
						CreatedOnToolsVersion = 8.3.3;
						DevelopmentTeam = B3EP3N28T5;
						ProvisioningStyle = Automatic;
						TestTargetID = 2E12CD8A1F6BABBA0066BBB1;
					};
					2E12CDA91F6BABBA0066BBB1 = {
						CreatedOnToolsVersion = 8.3.3;
						DevelopmentTeam = B3EP3N28T5;
						ProvisioningStyle = Automatic;
						TestTargetID = 2E12CD8A1F6BABBA0066BBB1;
					};
				};
			};
			buildConfigurationList = 2E12CD861F6BABBA0066BBB1 /* Build configuration list for PBXProject "ANU InTime" */;
			compatibilityVersion = "Xcode 3.2";
			developmentRegion = English;
			hasScannedForEncodings = 0;
			knownRegions = (
				en,
				Base,
			);
			mainGroup = 2E12CD821F6BABBA0066BBB1;
			productRefGroup = 2E12CD8C1F6BABBA0066BBB1 /* Products */;
			projectDirPath = "";
			projectRoot = "";
			targets = (
				2E12CD8A1F6BABBA0066BBB1 /* ANU InTime */,
				2E12CD9E1F6BABBA0066BBB1 /* ANU InTimeTests */,
				2E12CDA91F6BABBA0066BBB1 /* ANU InTimeUITests */,
			);
		};
/* End PBXProject section */

/* Begin PBXResourcesBuildPhase section */
		2E12CD891F6BABBA0066BBB1 /* Resources */ = {
			isa = PBXResourcesBuildPhase;
			buildActionMask = 2147483647;
			files = (
				2E12CD991F6BABBA0066BBB1 /* LaunchScreen.storyboard in Resources */,
				2E12CD961F6BABBA0066BBB1 /* Assets.xcassets in Resources */,
				2E12CD941F6BABBA0066BBB1 /* Main.storyboard in Resources */,
			);
			runOnlyForDeploymentPostprocessing = 0;
		};
		2E12CD9D1F6BABBA0066BBB1 /* Resources */ = {
			isa = PBXResourcesBuildPhase;
			buildActionMask = 2147483647;
			files = (
			);
			runOnlyForDeploymentPostprocessing = 0;
		};
		2E12CDA81F6BABBA0066BBB1 /* Resources */ = {
			isa = PBXResourcesBuildPhase;
			buildActionMask = 2147483647;
			files = (
			);
			runOnlyForDeploymentPostprocessing = 0;
		};
/* End PBXResourcesBuildPhase section */

/* Begin PBXSourcesBuildPhase section */
		2E12CD871F6BABBA0066BBB1 /* Sources */ = {
			isa = PBXSourcesBuildPhase;
			buildActionMask = 2147483647;
			files = (
				2E12CD911F6BABBA0066BBB1 /* ViewController.swift in Sources */,
				2E12CD8F1F6BABBA0066BBB1 /* AppDelegate.swift in Sources */,
			);
			runOnlyForDeploymentPostprocessing = 0;
		};
		2E12CD9B1F6BABBA0066BBB1 /* Sources */ = {
			isa = PBXSourcesBuildPhase;
			buildActionMask = 2147483647;
			files = (
				2E12CDA41F6BABBA0066BBB1 /* ANU_InTimeTests.swift in Sources */,
			);
			runOnlyForDeploymentPostprocessing = 0;
		};
		2E12CDA61F6BABBA0066BBB1 /* Sources */ = {
			isa = PBXSourcesBuildPhase;
			buildActionMask = 2147483647;
			files = (
				2E12CDAF1F6BABBA0066BBB1 /* ANU_InTimeUITests.swift in Sources */,
			);
			runOnlyForDeploymentPostprocessing = 0;
		};
/* End PBXSourcesBuildPhase section */

/* Begin PBXTargetDependency section */
		2E12CDA11F6BABBA0066BBB1 /* PBXTargetDependency */ = {
			isa = PBXTargetDependency;
			target = 2E12CD8A1F6BABBA0066BBB1 /* ANU InTime */;
			targetProxy = 2E12CDA01F6BABBA0066BBB1 /* PBXContainerItemProxy */;
		};
		2E12CDAC1F6BABBA0066BBB1 /* PBXTargetDependency */ = {
			isa = PBXTargetDependency;
			target = 2E12CD8A1F6BABBA0066BBB1 /* ANU InTime */;
			targetProxy = 2E12CDAB1F6BABBA0066BBB1 /* PBXContainerItemProxy */;
		};
/* End PBXTargetDependency section */

/* Begin PBXVariantGroup section */
		2E12CD921F6BABBA0066BBB1 /* Main.storyboard */ = {
			isa = PBXVariantGroup;
			children = (
				2E12CD931F6BABBA0066BBB1 /* Base */,
			);
			name = Main.storyboard;
			sourceTree = "<group>";
		};
		2E12CD971F6BABBA0066BBB1 /* LaunchScreen.storyboard */ = {
			isa = PBXVariantGroup;
			children = (
				2E12CD981F6BABBA0066BBB1 /* Base */,
			);
			name = LaunchScreen.storyboard;
			sourceTree = "<group>";
		};
/* End PBXVariantGroup section */

/* Begin XCBuildConfiguration section */
		2E12CDB11F6BABBA0066BBB1 /* Debug */ = {
			isa = XCBuildConfiguration;
			buildSettings = {
				ALWAYS_SEARCH_USER_PATHS = NO;
				CLANG_ANALYZER_NONNULL = YES;
				CLANG_ANALYZER_NUMBER_OBJECT_CONVERSION = YES_AGGRESSIVE;
				CLANG_CXX_LANGUAGE_STANDARD = "gnu++0x";
				CLANG_CXX_LIBRARY = "libc++";
				CLANG_ENABLE_MODULES = YES;
				CLANG_ENABLE_OBJC_ARC = YES;
				CLANG_WARN_BOOL_CONVERSION = YES;
				CLANG_WARN_CONSTANT_CONVERSION = YES;
				CLANG_WARN_DIRECT_OBJC_ISA_USAGE = YES_ERROR;
				CLANG_WARN_DOCUMENTATION_COMMENTS = YES;
				CLANG_WARN_EMPTY_BODY = YES;
				CLANG_WARN_ENUM_CONVERSION = YES;
				CLANG_WARN_INFINITE_RECURSION = YES;
				CLANG_WARN_INT_CONVERSION = YES;
				CLANG_WARN_OBJC_ROOT_CLASS = YES_ERROR;
				CLANG_WARN_SUSPICIOUS_MOVE = YES;
				CLANG_WARN_UNREACHABLE_CODE = YES;
				CLANG_WARN__DUPLICATE_METHOD_MATCH = YES;
				"CODE_SIGN_IDENTITY[sdk=iphoneos*]" = "iPhone Developer";
				COPY_PHASE_STRIP = NO;
				DEBUG_INFORMATION_FORMAT = dwarf;
				ENABLE_STRICT_OBJC_MSGSEND = YES;
				ENABLE_TESTABILITY = YES;
				GCC_C_LANGUAGE_STANDARD = gnu99;
				GCC_DYNAMIC_NO_PIC = NO;
				GCC_NO_COMMON_BLOCKS = YES;
				GCC_OPTIMIZATION_LEVEL = 0;
				GCC_PREPROCESSOR_DEFINITIONS = (
					"DEBUG=1",
					"$(inherited)",
				);
				GCC_WARN_64_TO_32_BIT_CONVERSION = YES;
				GCC_WARN_ABOUT_RETURN_TYPE = YES_ERROR;
				GCC_WARN_UNDECLARED_SELECTOR = YES;
				GCC_WARN_UNINITIALIZED_AUTOS = YES_AGGRESSIVE;
				GCC_WARN_UNUSED_FUNCTION = YES;
				GCC_WARN_UNUSED_VARIABLE = YES;
				IPHONEOS_DEPLOYMENT_TARGET = 10.3;
				MTL_ENABLE_DEBUG_INFO = YES;
				ONLY_ACTIVE_ARCH = YES;
				SDKROOT = iphoneos;
				SWIFT_ACTIVE_COMPILATION_CONDITIONS = DEBUG;
				SWIFT_OPTIMIZATION_LEVEL = "-Onone";
			};
			name = Debug;
		};
		2E12CDB21F6BABBA0066BBB1 /* Release */ = {
			isa = XCBuildConfiguration;
			buildSettings = {
				ALWAYS_SEARCH_USER_PATHS = NO;
				CLANG_ANALYZER_NONNULL = YES;
				CLANG_ANALYZER_NUMBER_OBJECT_CONVERSION = YES_AGGRESSIVE;
				CLANG_CXX_LANGUAGE_STANDARD = "gnu++0x";
				CLANG_CXX_LIBRARY = "libc++";
				CLANG_ENABLE_MODULES = YES;
				CLANG_ENABLE_OBJC_ARC = YES;
				CLANG_WARN_BOOL_CONVERSION = YES;
				CLANG_WARN_CONSTANT_CONVERSION = YES;
				CLANG_WARN_DIRECT_OBJC_ISA_USAGE = YES_ERROR;
				CLANG_WARN_DOCUMENTATION_COMMENTS = YES;
				CLANG_WARN_EMPTY_BODY = YES;
				CLANG_WARN_ENUM_CONVERSION = YES;
				CLANG_WARN_INFINITE_RECURSION = YES;
				CLANG_WARN_INT_CONVERSION = YES;
				CLANG_WARN_OBJC_ROOT_CLASS = YES_ERROR;
				CLANG_WARN_SUSPICIOUS_MOVE = YES;
				CLANG_WARN_UNREACHABLE_CODE = YES;
				CLANG_WARN__DUPLICATE_METHOD_MATCH = YES;
				"CODE_SIGN_IDENTITY[sdk=iphoneos*]" = "iPhone Developer";
				COPY_PHASE_STRIP = NO;
				DEBUG_INFORMATION_FORMAT = "dwarf-with-dsym";
				ENABLE_NS_ASSERTIONS = NO;
				ENABLE_STRICT_OBJC_MSGSEND = YES;
				GCC_C_LANGUAGE_STANDARD = gnu99;
				GCC_NO_COMMON_BLOCKS = YES;
				GCC_WARN_64_TO_32_BIT_CONVERSION = YES;
				GCC_WARN_ABOUT_RETURN_TYPE = YES_ERROR;
				GCC_WARN_UNDECLARED_SELECTOR = YES;
				GCC_WARN_UNINITIALIZED_AUTOS = YES_AGGRESSIVE;
				GCC_WARN_UNUSED_FUNCTION = YES;
				GCC_WARN_UNUSED_VARIABLE = YES;
				IPHONEOS_DEPLOYMENT_TARGET = 10.3;
				MTL_ENABLE_DEBUG_INFO = NO;
				SDKROOT = iphoneos;
				SWIFT_OPTIMIZATION_LEVEL = "-Owholemodule";
				VALIDATE_PRODUCT = YES;
			};
			name = Release;
		};
		2E12CDB41F6BABBA0066BBB1 /* Debug */ = {
			isa = XCBuildConfiguration;
			buildSettings = {
				ASSETCATALOG_COMPILER_APPICON_NAME = AppIcon;
				DEVELOPMENT_TEAM = B3EP3N28T5;
				INFOPLIST_FILE = "ANU InTime/Info.plist";
				LD_RUNPATH_SEARCH_PATHS = "$(inherited) @executable_path/Frameworks";
				PRODUCT_BUNDLE_IDENTIFIER = "cn.desmond.ANU-InTime";
				PRODUCT_NAME = "$(TARGET_NAME)";
				SWIFT_VERSION = 3.0;
			};
			name = Debug;
		};
		2E12CDB51F6BABBA0066BBB1 /* Release */ = {
			isa = XCBuildConfiguration;
			buildSettings = {
				ASSETCATALOG_COMPILER_APPICON_NAME = AppIcon;
				DEVELOPMENT_TEAM = B3EP3N28T5;
				INFOPLIST_FILE = "ANU InTime/Info.plist";
				LD_RUNPATH_SEARCH_PATHS = "$(inherited) @executable_path/Frameworks";
				PRODUCT_BUNDLE_IDENTIFIER = "cn.desmond.ANU-InTime";
				PRODUCT_NAME = "$(TARGET_NAME)";
				SWIFT_VERSION = 3.0;
			};
			name = Release;
		};
		2E12CDB71F6BABBA0066BBB1 /* Debug */ = {
			isa = XCBuildConfiguration;
			buildSettings = {
				ALWAYS_EMBED_SWIFT_STANDARD_LIBRARIES = YES;
				BUNDLE_LOADER = "$(TEST_HOST)";
				DEVELOPMENT_TEAM = B3EP3N28T5;
				INFOPLIST_FILE = "ANU InTimeTests/Info.plist";
				LD_RUNPATH_SEARCH_PATHS = "$(inherited) @executable_path/Frameworks @loader_path/Frameworks";
				PRODUCT_BUNDLE_IDENTIFIER = "cn.desmond.ANU-InTimeTests";
				PRODUCT_NAME = "$(TARGET_NAME)";
				SWIFT_VERSION = 3.0;
				TEST_HOST = "$(BUILT_PRODUCTS_DIR)/ANU InTime.app/ANU InTime";
			};
			name = Debug;
		};
		2E12CDB81F6BABBA0066BBB1 /* Release */ = {
			isa = XCBuildConfiguration;
			buildSettings = {
				ALWAYS_EMBED_SWIFT_STANDARD_LIBRARIES = YES;
				BUNDLE_LOADER = "$(TEST_HOST)";
				DEVELOPMENT_TEAM = B3EP3N28T5;
				INFOPLIST_FILE = "ANU InTimeTests/Info.plist";
				LD_RUNPATH_SEARCH_PATHS = "$(inherited) @executable_path/Frameworks @loader_path/Frameworks";
				PRODUCT_BUNDLE_IDENTIFIER = "cn.desmond.ANU-InTimeTests";
				PRODUCT_NAME = "$(TARGET_NAME)";
				SWIFT_VERSION = 3.0;
				TEST_HOST = "$(BUILT_PRODUCTS_DIR)/ANU InTime.app/ANU InTime";
			};
			name = Release;
		};
		2E12CDBA1F6BABBA0066BBB1 /* Debug */ = {
			isa = XCBuildConfiguration;
			buildSettings = {
				ALWAYS_EMBED_SWIFT_STANDARD_LIBRARIES = YES;
				DEVELOPMENT_TEAM = B3EP3N28T5;
				INFOPLIST_FILE = "ANU InTimeUITests/Info.plist";
				LD_RUNPATH_SEARCH_PATHS = "$(inherited) @executable_path/Frameworks @loader_path/Frameworks";
				PRODUCT_BUNDLE_IDENTIFIER = "cn.desmond.ANU-InTimeUITests";
				PRODUCT_NAME = "$(TARGET_NAME)";
				SWIFT_VERSION = 3.0;
				TEST_TARGET_NAME = "ANU InTime";
			};
			name = Debug;
		};
		2E12CDBB1F6BABBA0066BBB1 /* Release */ = {
			isa = XCBuildConfiguration;
			buildSettings = {
				ALWAYS_EMBED_SWIFT_STANDARD_LIBRARIES = YES;
				DEVELOPMENT_TEAM = B3EP3N28T5;
				INFOPLIST_FILE = "ANU InTimeUITests/Info.plist";
				LD_RUNPATH_SEARCH_PATHS = "$(inherited) @executable_path/Frameworks @loader_path/Frameworks";
				PRODUCT_BUNDLE_IDENTIFIER = "cn.desmond.ANU-InTimeUITests";
				PRODUCT_NAME = "$(TARGET_NAME)";
				SWIFT_VERSION = 3.0;
				TEST_TARGET_NAME = "ANU InTime";
			};
			name = Release;
		};
/* End XCBuildConfiguration section */

/* Begin XCConfigurationList section */
		2E12CD861F6BABBA0066BBB1 /* Build configuration list for PBXProject "ANU InTime" */ = {
			isa = XCConfigurationList;
			buildConfigurations = (
				2E12CDB11F6BABBA0066BBB1 /* Debug */,
				2E12CDB21F6BABBA0066BBB1 /* Release */,
			);
			defaultConfigurationIsVisible = 0;
			defaultConfigurationName = Release;
		};
		2E12CDB31F6BABBA0066BBB1 /* Build configuration list for PBXNativeTarget "ANU InTime" */ = {
			isa = XCConfigurationList;
			buildConfigurations = (
				2E12CDB41F6BABBA0066BBB1 /* Debug */,
				2E12CDB51F6BABBA0066BBB1 /* Release */,
			);
			defaultConfigurationIsVisible = 0;
		};
		2E12CDB61F6BABBA0066BBB1 /* Build configuration list for PBXNativeTarget "ANU InTimeTests" */ = {
			isa = XCConfigurationList;
			buildConfigurations = (
				2E12CDB71F6BABBA0066BBB1 /* Debug */,
				2E12CDB81F6BABBA0066BBB1 /* Release */,
			);
			defaultConfigurationIsVisible = 0;
		};
		2E12CDB91F6BABBA0066BBB1 /* Build configuration list for PBXNativeTarget "ANU InTimeUITests" */ = {
			isa = XCConfigurationList;
			buildConfigurations = (
				2E12CDBA1F6BABBA0066BBB1 /* Debug */,
				2E12CDBB1F6BABBA0066BBB1 /* Release */,
			);
			defaultConfigurationIsVisible = 0;
		};
/* End XCConfigurationList section */
	};
	rootObject = 2E12CD831F6BABBA0066BBB1 /* Project object */;
}
